Microsoft Visual Studio Solution File, Format Version 12.00
# Visual Studio 2012
Project("{FAE04EC0-301F-11D3-BF4B-00C04F79EFBC}") = "AtelierGodot", "AtelierGodot.csproj", "{1D428D5E-75B1-4220-8774-35DF7911FFC6}"
EndProject
Global
	GlobalSection(SolutionConfigurationPlatforms) = preSolution
	Debug|Any CPU = Debug|Any CPU
	ExportDebug|Any CPU = ExportDebug|Any CPU
	ExportRelease|Any CPU = ExportRelease|Any CPU
	EndGlobalSection
	GlobalSection(ProjectConfigurationPlatforms) = postSolution
		{1D428D5E-75B1-4220-8774-35DF7911FFC6}.Debug|Any CPU.ActiveCfg = Debug|Any CPU
		{1D428D5E-75B1-4220-8774-35DF7911FFC6}.Debug|Any CPU.Build.0 = Debug|Any CPU
		{1D428D5E-75B1-4220-8774-35DF7911FFC6}.ExportDebug|Any CPU.ActiveCfg = ExportDebug|Any CPU
		{1D428D5E-75B1-4220-8774-35DF7911FFC6}.ExportDebug|Any CPU.Build.0 = ExportDebug|Any CPU
		{1D428D5E-75B1-4220-8774-35DF7911FFC6}.ExportRelease|Any CPU.ActiveCfg = ExportRelease|Any CPU
		{1D428D5E-75B1-4220-8774-35DF7911FFC6}.ExportRelease|Any CPU.Build.0 = ExportRelease|Any CPU
	EndGlobalSection
EndGlobal
